# This file is automatically @generated by Poetry 1.7.1 and should not be changed by hand.

[[package]]
name = "atomicwrites"
version = "1.4.1"
description = "Atomic file writes."
optional = false
python-versions = ">=2.7, !=3.0.*, !=3.1.*, !=3.2.*, !=3.3.*"
files = [
    {file = "atomicwrites-1.4.1.tar.gz", hash = "sha256:81b2c9071a49367a7f770170e5eec8cb66567cfbbc8c73d20ce5ca4a8d71cf11"},
]

[[package]]
name = "attrs"
version = "23.2.0"
description = "Classes Without Boilerplate"
optional = false
python-versions = ">=3.7"
files = [
    {file = "attrs-23.2.0-py3-none-any.whl", hash = "sha256:99b87a485a5820b23b879f04c2305b44b951b502fd64be915879d77a7e8fc6f1"},
    {file = "attrs-23.2.0.tar.gz", hash = "sha256:935dc3b529c262f6cf76e50877d35a4bd3c1de194fd41f47a2b7ae8f19971f30"},
]

[package.extras]
cov = ["attrs[tests]", "coverage[toml] (>=5.3)"]
dev = ["attrs[tests]", "pre-commit"]
docs = ["furo", "myst-parser", "sphinx", "sphinx-notfound-page", "sphinxcontrib-towncrier", "towncrier", "zope-interface"]
tests = ["attrs[tests-no-zope]", "zope-interface"]
tests-mypy = ["mypy (>=1.6)", "pytest-mypy-plugins"]
tests-no-zope = ["attrs[tests-mypy]", "cloudpickle", "hypothesis", "pympler", "pytest (>=4.3.0)", "pytest-xdist[psutil]"]

[[package]]
name = "base58"
version = "2.1.1"
description = "Base58 and Base58Check implementation."
optional = false
python-versions = ">=3.5"
files = [
    {file = "base58-2.1.1-py3-none-any.whl", hash = "sha256:11a36f4d3ce51dfc1043f3218591ac4eb1ceb172919cebe05b52a5bcc8d245c2"},
    {file = "base58-2.1.1.tar.gz", hash = "sha256:c5d0cb3f5b6e81e8e35da5754388ddcc6d0d14b6c6a132cb93d69ed580a7278c"},
]

[package.extras]
tests = ["PyHamcrest (>=2.0.2)", "mypy", "pytest (>=4.6)", "pytest-benchmark", "pytest-cov", "pytest-flake8"]

[[package]]
name = "bdkpython"
version = "0.30.0"
description = "The Python language bindings for the Bitcoin Development Kit"
optional = false
python-versions = "*"
files = [
    {file = "bdkpython-0.30.0-cp310-cp310-macosx_11_0_arm64.whl", hash = "sha256:0ec7aeed8be5d386255c25c79d1c082bba16f6b191fd4d3d6f60a76e90608cbf"},
    {file = "bdkpython-0.30.0-cp310-cp310-macosx_11_0_x86_64.whl", hash = "sha256:fe1589e1ed1cf3e72b8b5bdb96b086d9bb0cd9ad47da386dc3c91339f106c230"},
    {file = "bdkpython-0.30.0-cp310-cp310-manylinux_2_17_x86_64.whl", hash = "sha256:13398d34a11fc091a3fe64fabe65b8fc44547b1303b91cc4b733fa58854eb548"},
    {file = "bdkpython-0.30.0-cp310-cp310-win_amd64.whl", hash = "sha256:4a6f99f48974f3515990b581933b4a19199178a08a060ab7a8c3effa7e9936fa"},
    {file = "bdkpython-0.30.0-cp38-cp38-macosx_11_0_arm64.whl", hash = "sha256:0a49da0eb23ff8e0b0caa3b9e1cbb3dbc452567d3bacda8308a67af470749545"},
    {file = "bdkpython-0.30.0-cp38-cp38-macosx_11_0_x86_64.whl", hash = "sha256:e98f9186c677f916def722ea53ac7b5b19a7dd83ca9ea87b52488d66a4473114"},
    {file = "bdkpython-0.30.0-cp38-cp38-manylinux_2_17_x86_64.whl", hash = "sha256:5b8ff02e560d80490a8cf7d8f19a9495c2224d718689b8e2ffa0f81b82b64bb6"},
    {file = "bdkpython-0.30.0-cp38-cp38-win_amd64.whl", hash = "sha256:58206af396d95acd974b658dda3fd80b1cf6e0770f2637ce23b3c4ed9a34655b"},
    {file = "bdkpython-0.30.0-cp39-cp39-macosx_11_0_arm64.whl", hash = "sha256:58b6841990b7a56189de75458b5cbd53f0da1cdec5eafc6a029daf5c96a5ff83"},
    {file = "bdkpython-0.30.0-cp39-cp39-macosx_11_0_x86_64.whl", hash = "sha256:a1ac136cce1f38449db04e413737b27fd8120e537dc9767d7d9dee94d872146b"},
    {file = "bdkpython-0.30.0-cp39-cp39-manylinux_2_17_x86_64.whl", hash = "sha256:d3e526e3f579ebf805063ee10f4f8dd280b4c1391a6d316c4486878783b3a5a0"},
    {file = "bdkpython-0.30.0-cp39-cp39-win_amd64.whl", hash = "sha256:777a3ab61f5cbe6101848b58c8bf179ac562230e896201a8c4915ecd4bef42df"},
]

[[package]]
name = "colorama"
version = "0.4.6"
description = "Cross-platform colored terminal text."
optional = false
python-versions = "!=3.0.*,!=3.1.*,!=3.2.*,!=3.3.*,!=3.4.*,!=3.5.*,!=3.6.*,>=2.7"
files = [
    {file = "colorama-0.4.6-py2.py3-none-any.whl", hash = "sha256:4f1d9991f5acc0ca119f9d443620b77f9d6b33703e51011c16baf57afb285fc6"},
    {file = "colorama-0.4.6.tar.gz", hash = "sha256:08695f5cb7ed6e0531a20572697297273c47b8cae5a63ffc6d6ed5c201be6e44"},
]

[[package]]
name = "iniconfig"
version = "2.0.0"
description = "brain-dead simple config-ini parsing"
optional = false
python-versions = ">=3.7"
files = [
    {file = "iniconfig-2.0.0-py3-none-any.whl", hash = "sha256:b6a85871a79d2e3b22d2d1b94ac2824226a63c6b741c88f7ae975f18b6778374"},
    {file = "iniconfig-2.0.0.tar.gz", hash = "sha256:2d91e135bf72d31a410b17c16da610a82cb55f6b0477d1a902134b24a455b8b3"},
]

[[package]]
name = "mss"
version = "9.0.1"
description = "An ultra fast cross-platform multiple screenshots module in pure python using ctypes."
optional = false
python-versions = ">=3.8"
files = [
    {file = "mss-9.0.1-py3-none-any.whl", hash = "sha256:7ee44db7ab14cbea6a3eb63813c57d677a109ca5979d3b76046e4bddd3ca1a0b"},
    {file = "mss-9.0.1.tar.gz", hash = "sha256:6eb7b9008cf27428811fa33aeb35f3334db81e3f7cc2dd49ec7c6e5a94b39f12"},
]

[[package]]
name = "numpy"
version = "1.26.3"
description = "Fundamental package for array computing in Python"
optional = false
python-versions = ">=3.9"
files = [
    {file = "numpy-1.26.3-cp310-cp310-macosx_10_9_x86_64.whl", hash = "sha256:806dd64230dbbfaca8a27faa64e2f414bf1c6622ab78cc4264f7f5f028fee3bf"},
    {file = "numpy-1.26.3-cp310-cp310-macosx_11_0_arm64.whl", hash = "sha256:02f98011ba4ab17f46f80f7f8f1c291ee7d855fcef0a5a98db80767a468c85cd"},
    {file = "numpy-1.26.3-cp310-cp310-manylinux_2_17_aarch64.manylinux2014_aarch64.whl", hash = "sha256:6d45b3ec2faed4baca41c76617fcdcfa4f684ff7a151ce6fc78ad3b6e85af0a6"},
    {file = "numpy-1.26.3-cp310-cp310-manylinux_2_17_x86_64.manylinux2014_x86_64.whl", hash = "sha256:bdd2b45bf079d9ad90377048e2747a0c82351989a2165821f0c96831b4a2a54b"},
    {file = "numpy-1.26.3-cp310-cp310-musllinux_1_1_aarch64.whl", hash = "sha256:211ddd1e94817ed2d175b60b6374120244a4dd2287f4ece45d49228b4d529178"},
    {file = "numpy-1.26.3-cp310-cp310-musllinux_1_1_x86_64.whl", hash = "sha256:b1240f767f69d7c4c8a29adde2310b871153df9b26b5cb2b54a561ac85146485"},
    {file = "numpy-1.26.3-cp310-cp310-win32.whl", hash = "sha256:21a9484e75ad018974a2fdaa216524d64ed4212e418e0a551a2d83403b0531d3"},
    {file = "numpy-1.26.3-cp310-cp310-win_amd64.whl", hash = "sha256:9e1591f6ae98bcfac2a4bbf9221c0b92ab49762228f38287f6eeb5f3f55905ce"},
    {file = "numpy-1.26.3-cp311-cp311-macosx_10_9_x86_64.whl", hash = "sha256:b831295e5472954104ecb46cd98c08b98b49c69fdb7040483aff799a755a7374"},
    {file = "numpy-1.26.3-cp311-cp311-macosx_11_0_arm64.whl", hash = "sha256:9e87562b91f68dd8b1c39149d0323b42e0082db7ddb8e934ab4c292094d575d6"},
    {file = "numpy-1.26.3-cp311-cp311-manylinux_2_17_aarch64.manylinux2014_aarch64.whl", hash = "sha256:8c66d6fec467e8c0f975818c1796d25c53521124b7cfb760114be0abad53a0a2"},
    {file = "numpy-1.26.3-cp311-cp311-manylinux_2_17_x86_64.manylinux2014_x86_64.whl", hash = "sha256:f25e2811a9c932e43943a2615e65fc487a0b6b49218899e62e426e7f0a57eeda"},
    {file = "numpy-1.26.3-cp311-cp311-musllinux_1_1_aarch64.whl", hash = "sha256:af36e0aa45e25c9f57bf684b1175e59ea05d9a7d3e8e87b7ae1a1da246f2767e"},
    {file = "numpy-1.26.3-cp311-cp311-musllinux_1_1_x86_64.whl", hash = "sha256:51c7f1b344f302067b02e0f5b5d2daa9ed4a721cf49f070280ac202738ea7f00"},
    {file = "numpy-1.26.3-cp311-cp311-win32.whl", hash = "sha256:7ca4f24341df071877849eb2034948459ce3a07915c2734f1abb4018d9c49d7b"},
    {file = "numpy-1.26.3-cp311-cp311-win_amd64.whl", hash = "sha256:39763aee6dfdd4878032361b30b2b12593fb445ddb66bbac802e2113eb8a6ac4"},
    {file = "numpy-1.26.3-cp312-cp312-macosx_10_9_x86_64.whl", hash = "sha256:a7081fd19a6d573e1a05e600c82a1c421011db7935ed0d5c483e9dd96b99cf13"},
    {file = "numpy-1.26.3-cp312-cp312-macosx_11_0_arm64.whl", hash = "sha256:12c70ac274b32bc00c7f61b515126c9205323703abb99cd41836e8125ea0043e"},
    {file = "numpy-1.26.3-cp312-cp312-manylinux_2_17_aarch64.manylinux2014_aarch64.whl", hash = "sha256:7f784e13e598e9594750b2ef6729bcd5a47f6cfe4a12cca13def35e06d8163e3"},
    {file = "numpy-1.26.3-cp312-cp312-manylinux_2_17_x86_64.manylinux2014_x86_64.whl", hash = "sha256:5f24750ef94d56ce6e33e4019a8a4d68cfdb1ef661a52cdaee628a56d2437419"},
    {file = "numpy-1.26.3-cp312-cp312-musllinux_1_1_aarch64.whl", hash = "sha256:77810ef29e0fb1d289d225cabb9ee6cf4d11978a00bb99f7f8ec2132a84e0166"},
    {file = "numpy-1.26.3-cp312-cp312-musllinux_1_1_x86_64.whl", hash = "sha256:8ed07a90f5450d99dad60d3799f9c03c6566709bd53b497eb9ccad9a55867f36"},
    {file = "numpy-1.26.3-cp312-cp312-win32.whl", hash = "sha256:f73497e8c38295aaa4741bdfa4fda1a5aedda5473074369eca10626835445511"},
    {file = "numpy-1.26.3-cp312-cp312-win_amd64.whl", hash = "sha256:da4b0c6c699a0ad73c810736303f7fbae483bcb012e38d7eb06a5e3b432c981b"},
    {file = "numpy-1.26.3-cp39-cp39-macosx_10_9_x86_64.whl", hash = "sha256:1666f634cb3c80ccbd77ec97bc17337718f56d6658acf5d3b906ca03e90ce87f"},
    {file = "numpy-1.26.3-cp39-cp39-macosx_11_0_arm64.whl", hash = "sha256:18c3319a7d39b2c6a9e3bb75aab2304ab79a811ac0168a671a62e6346c29b03f"},
    {file = "numpy-1.26.3-cp39-cp39-manylinux_2_17_aarch64.manylinux2014_aarch64.whl", hash = "sha256:0b7e807d6888da0db6e7e75838444d62495e2b588b99e90dd80c3459594e857b"},
    {file = "numpy-1.26.3-cp39-cp39-manylinux_2_17_x86_64.manylinux2014_x86_64.whl", hash = "sha256:b4d362e17bcb0011738c2d83e0a65ea8ce627057b2fdda37678f4374a382a137"},
    {file = "numpy-1.26.3-cp39-cp39-musllinux_1_1_aarch64.whl", hash = "sha256:b8c275f0ae90069496068c714387b4a0eba5d531aace269559ff2b43655edd58"},
    {file = "numpy-1.26.3-cp39-cp39-musllinux_1_1_x86_64.whl", hash = "sha256:cc0743f0302b94f397a4a65a660d4cd24267439eb16493fb3caad2e4389bccbb"},
    {file = "numpy-1.26.3-cp39-cp39-win32.whl", hash = "sha256:9bc6d1a7f8cedd519c4b7b1156d98e051b726bf160715b769106661d567b3f03"},
    {file = "numpy-1.26.3-cp39-cp39-win_amd64.whl", hash = "sha256:867e3644e208c8922a3be26fc6bbf112a035f50f0a86497f98f228c50c607bb2"},
    {file = "numpy-1.26.3-pp39-pypy39_pp73-macosx_10_9_x86_64.whl", hash = "sha256:3c67423b3703f8fbd90f5adaa37f85b5794d3366948efe9a5190a5f3a83fc34e"},
    {file = "numpy-1.26.3-pp39-pypy39_pp73-manylinux_2_17_x86_64.manylinux2014_x86_64.whl", hash = "sha256:46f47ee566d98849323f01b349d58f2557f02167ee301e5e28809a8c0e27a2d0"},
    {file = "numpy-1.26.3-pp39-pypy39_pp73-win_amd64.whl", hash = "sha256:a8474703bffc65ca15853d5fd4d06b18138ae90c17c8d12169968e998e448bb5"},
    {file = "numpy-1.26.3.tar.gz", hash = "sha256:697df43e2b6310ecc9d95f05d5ef20eacc09c7c4ecc9da3f235d39e71b7da1e4"},
]

[[package]]
name = "packaging"
version = "23.2"
description = "Core utilities for Python packages"
optional = false
python-versions = ">=3.7"
files = [
    {file = "packaging-23.2-py3-none-any.whl", hash = "sha256:8c491190033a9af7e1d931d0b5dacc2ef47509b34dd0de67ed209b5203fc88c7"},
    {file = "packaging-23.2.tar.gz", hash = "sha256:048fb0e9405036518eaaf48a55953c750c11e1a1b68e0dd1a9d62ed0c092cfc5"},
]

[[package]]
name = "pluggy"
version = "1.3.0"
description = "plugin and hook calling mechanisms for python"
optional = false
python-versions = ">=3.8"
files = [
    {file = "pluggy-1.3.0-py3-none-any.whl", hash = "sha256:d89c696a773f8bd377d18e5ecda92b7a3793cbe66c87060a6fb58c7b6e1061f7"},
    {file = "pluggy-1.3.0.tar.gz", hash = "sha256:cf61ae8f126ac6f7c451172cf30e3e43d3ca77615509771b3a984a0730651e12"},
]

[package.extras]
dev = ["pre-commit", "tox"]
testing = ["pytest", "pytest-benchmark"]

[[package]]
name = "py"
version = "1.11.0"
description = "library with cross-python path, ini-parsing, io, code, log facilities"
optional = false
python-versions = ">=2.7, !=3.0.*, !=3.1.*, !=3.2.*, !=3.3.*, !=3.4.*"
files = [
    {file = "py-1.11.0-py2.py3-none-any.whl", hash = "sha256:607c53218732647dff4acdfcd50cb62615cedf612e72d1724fb1a0cc6405b378"},
    {file = "py-1.11.0.tar.gz", hash = "sha256:51c75c4126074b472f746a24399ad32f6053d1b34b68d2fa41e558e6f4a98719"},
]

[[package]]
name = "pygame"
version = "2.5.0"
description = "Python Game Development"
optional = false
python-versions = ">=3.6"
files = [
    {file = "pygame-2.5.0-cp310-cp310-macosx_10_9_x86_64.whl", hash = "sha256:e34a2b5660acc298d0a66ce16f13a7ca1c56c2a685e40afef3a0cf6eaf3f44b3"},
    {file = "pygame-2.5.0-cp310-cp310-macosx_11_0_arm64.whl", hash = "sha256:875dbde88b899fb7f48d6f0e87f70c3dcc8ee87a947c3df817d949a9741dbcf5"},
    {file = "pygame-2.5.0-cp310-cp310-manylinux_2_17_aarch64.manylinux2014_aarch64.whl", hash = "sha256:854dc9106210d1a3a83914af53fc234c0bed65a39f5e6098a8eb489da354ad0c"},
    {file = "pygame-2.5.0-cp310-cp310-manylinux_2_17_i686.manylinux2014_i686.whl", hash = "sha256:7e1898db0fd7b868a31c29204813f447c59390350fd806904d80bebde094f3f8"},
    {file = "pygame-2.5.0-cp310-cp310-manylinux_2_17_x86_64.manylinux2014_x86_64.whl", hash = "sha256:22d5eac9b9936c7dc2813a750bc8efd53234ad1afc32eb99d6f64bb403c2b9aa"},
    {file = "pygame-2.5.0-cp310-cp310-win32.whl", hash = "sha256:e9eed550b8921080a3c7524202822fc2cf7226e0ffd3c4e4d16510ba44b24e6f"},
    {file = "pygame-2.5.0-cp310-cp310-win_amd64.whl", hash = "sha256:93128beb1154c443f05a66bfbf3f1d4eb8659157ab3b45e4a0454e5905440431"},
    {file = "pygame-2.5.0-cp311-cp311-macosx_10_9_x86_64.whl", hash = "sha256:c71d5b3ec232113cbd2e23a19eb01eef1818db41892d0d5efbac3901f940da66"},
    {file = "pygame-2.5.0-cp311-cp311-macosx_11_0_arm64.whl", hash = "sha256:b763062b1996de26a28600e7a8f138d5b36ba0ddd63c65ccbd06124cd95bab70"},
    {file = "pygame-2.5.0-cp311-cp311-manylinux_2_17_aarch64.manylinux2014_aarch64.whl", hash = "sha256:e5b6a42109f922352c524565fceb22bf8f8b6e4b00d38306e6f5b4c673048f4a"},
    {file = "pygame-2.5.0-cp311-cp311-manylinux_2_17_i686.manylinux2014_i686.whl", hash = "sha256:3bcb19c8ee3fc794ab3a7cb5b5fb1ad38da6866dfbba4af3699a84a828c8a4b9"},
    {file = "pygame-2.5.0-cp311-cp311-manylinux_2_17_x86_64.manylinux2014_x86_64.whl", hash = "sha256:c66b7abc38511c7ca08c5bb58a3bfc14fa51b4e5f85a1786777afc9e584a14dd"},
    {file = "pygame-2.5.0-cp311-cp311-win32.whl", hash = "sha256:46cf1c9b20fb11c7d836c02dd5fc2ca843b699c0e2bc4130cf4ad2f855db5f7f"},
    {file = "pygame-2.5.0-cp311-cp311-win_amd64.whl", hash = "sha256:f7b77b5019a9a6342535f53c75cef912b218cd24e98505828418f135aacc0a1b"},
    {file = "pygame-2.5.0-cp312-cp312-manylinux_2_17_aarch64.manylinux2014_aarch64.whl", hash = "sha256:7ddec0c823fd0869fe4a75ba906dcb7889db0e0c289ce8c03d4ce0a67351ab66"},
    {file = "pygame-2.5.0-cp312-cp312-manylinux_2_17_i686.manylinux2014_i686.whl", hash = "sha256:bae93ce29b8337a5e02507603094c51740c9f496272ef070e2624e9647776568"},
    {file = "pygame-2.5.0-cp312-cp312-manylinux_2_17_x86_64.manylinux2014_x86_64.whl", hash = "sha256:c80a1ad38d11102b4dfa0519aa2a26fea534503b259872609acc9adb1860884e"},
    {file = "pygame-2.5.0-cp312-cp312-win32.whl", hash = "sha256:8ffebcafda0add8072f82999498113be37494694fa36e02155cfaf1a0ba56fe2"},
    {file = "pygame-2.5.0-cp312-cp312-win_amd64.whl", hash = "sha256:574e310ba708da0c34b71c4158aa7cdca3cf3e16c4100dcd1d3c931a9c6705b4"},
    {file = "pygame-2.5.0-cp36-cp36m-macosx_10_9_x86_64.whl", hash = "sha256:275e4fab379620c3b262cd58c457eea80001e91bc2e04d306ddb0ba548c969bf"},
    {file = "pygame-2.5.0-cp36-cp36m-manylinux_2_17_aarch64.manylinux2014_aarch64.whl", hash = "sha256:c116a96a2784bd1724476dbf9c48bfea466ee493a736bdfa04ecbc3f193de0bc"},
    {file = "pygame-2.5.0-cp36-cp36m-manylinux_2_17_i686.manylinux2014_i686.whl", hash = "sha256:d4a0787ade8723323a3ba874bb725010bb08990a77327fc85f42474f3a840447"},
    {file = "pygame-2.5.0-cp36-cp36m-manylinux_2_17_x86_64.manylinux2014_x86_64.whl", hash = "sha256:c1cb39b660da1b56a1704ec4aa72bac538030786e23607fb25b8a66f357ffe3a"},
    {file = "pygame-2.5.0-cp36-cp36m-win32.whl", hash = "sha256:d051420667dd9fc8103b3cf994c03e46ee90b1c4a72c174737b8c14729ddf68e"},
    {file = "pygame-2.5.0-cp36-cp36m-win_amd64.whl", hash = "sha256:6b58356510b7c38836eb81cf08983b58f280da99580d4f17e89ed0ddb707c29c"},
    {file = "pygame-2.5.0-cp37-cp37m-macosx_10_9_x86_64.whl", hash = "sha256:80f167d8fcec7cd3107f829784ad721b1b7532c19fdf42b3aabbb51f7347850f"},
    {file = "pygame-2.5.0-cp37-cp37m-manylinux_2_17_aarch64.manylinux2014_aarch64.whl", hash = "sha256:ef96e9a2d8fd9526b89657d192c42dd7c551bfa381fa98ec52d45443e9713818"},
    {file = "pygame-2.5.0-cp37-cp37m-manylinux_2_17_i686.manylinux2014_i686.whl", hash = "sha256:e21d53279fb504b267ae06b565b72d9f95ecbf1f2dd8c705329b287f38295d98"},
    {file = "pygame-2.5.0-cp37-cp37m-manylinux_2_17_x86_64.manylinux2014_x86_64.whl", hash = "sha256:147cc0256a5df1316590f351febf6205ef2907564fb0d902935834b91e183486"},
    {file = "pygame-2.5.0-cp37-cp37m-win32.whl", hash = "sha256:e47696154d689180e4eea8c1d6f2bac923986119219db6ad0d2e60ab1f525e8c"},
    {file = "pygame-2.5.0-cp37-cp37m-win_amd64.whl", hash = "sha256:4c87fa8fa1f3ea94069119accd6d4b5fbf869c2b2954a19b45162dfb3b7c885e"},
    {file = "pygame-2.5.0-cp38-cp38-macosx_10_9_x86_64.whl", hash = "sha256:143550078ab10f290cd7c8715a46853e0dc598fd6cdd1561ecb4d6e3116a6b26"},
    {file = "pygame-2.5.0-cp38-cp38-macosx_11_0_arm64.whl", hash = "sha256:969de806bed49b28972862acba652f05ece9420bbdf5f925c970c6a18a9fd1f9"},
    {file = "pygame-2.5.0-cp38-cp38-manylinux_2_17_aarch64.manylinux2014_aarch64.whl", hash = "sha256:c5d3b0da31ea341b86ef96d6b13c0ddcb25f5320186b7215bc870f08119d2f80"},
    {file = "pygame-2.5.0-cp38-cp38-manylinux_2_17_i686.manylinux2014_i686.whl", hash = "sha256:b23effd50121468f1dc41022230485bff515154191a9d343224850aa3ed3b7f0"},
    {file = "pygame-2.5.0-cp38-cp38-manylinux_2_17_x86_64.manylinux2014_x86_64.whl", hash = "sha256:bce4116db6924b544ff8ff03f7ef681c8baf9c6e039a1ec21e26b4ebdaa0e994"},
    {file = "pygame-2.5.0-cp38-cp38-win32.whl", hash = "sha256:50a89c15412506d95e98792435f49a73101788db30ad9c562f611c7aa7b437fa"},
    {file = "pygame-2.5.0-cp38-cp38-win_amd64.whl", hash = "sha256:df1d8affdbe9f417cc7141581e3d08e4b09f708060d3127d2016fd591b2e4f68"},
    {file = "pygame-2.5.0-cp39-cp39-macosx_10_9_x86_64.whl", hash = "sha256:99965da24d0bf138d9ac6b7494b9a12781c1510cf936616d1d0c46a736777f6a"},
    {file = "pygame-2.5.0-cp39-cp39-macosx_11_0_arm64.whl", hash = "sha256:daa81057c1beb71a9fb96253457197ad03ee988ba546a166f253bd92a98a9a11"},
    {file = "pygame-2.5.0-cp39-cp39-manylinux_2_17_aarch64.manylinux2014_aarch64.whl", hash = "sha256:3ca85da605f6621c99c05f272a5dcf85bf0badcdca45f16ff2bee9a9d41ae042"},
    {file = "pygame-2.5.0-cp39-cp39-manylinux_2_17_i686.manylinux2014_i686.whl", hash = "sha256:603d403997d46b07022097861c8b0ff76c6192f8a2f5f89f1a6a978d4411b715"},
    {file = "pygame-2.5.0-cp39-cp39-manylinux_2_17_x86_64.manylinux2014_x86_64.whl", hash = "sha256:7babaeac11544f3e4d7a15756a27f943dc5fff276481fdc9d90415a903ad31a9"},
    {file = "pygame-2.5.0-cp39-cp39-win32.whl", hash = "sha256:9d2126f91699223f0c36845d1c7b2cdfe2f1753ef85b8410ea613e8bd212ca33"},
    {file = "pygame-2.5.0-cp39-cp39-win_amd64.whl", hash = "sha256:8062adc409f0b2742d7996b9b470494025c5e3b73d0d03e3798708dcf5d195cd"},
    {file = "pygame-2.5.0-pp36-pypy36_pp73-win32.whl", hash = "sha256:1bd14adf6151b6ac2f617a8fd71621f1c125209c41a359d3c1cf4bf3904dba5f"},
    {file = "pygame-2.5.0-pp37-pypy37_pp73-manylinux_2_17_i686.manylinux2014_i686.whl", hash = "sha256:2b11708f1c7b1671db15246275adcb18cf384f5f7e73532e26999968876c5099"},
    {file = "pygame-2.5.0-pp37-pypy37_pp73-manylinux_2_17_x86_64.manylinux2014_x86_64.whl", hash = "sha256:6830e431575697f7a11f7731798445242e37eb07ae9007f7be33083f700e9b1e"},
    {file = "pygame-2.5.0-pp38-pypy38_pp73-macosx_10_9_x86_64.whl", hash = "sha256:7dd80addfdf7dc1f0e04f81c98acb96580726783172256f2ebc955a967e84124"},
    {file = "pygame-2.5.0-pp38-pypy38_pp73-manylinux_2_17_i686.manylinux2014_i686.whl", hash = "sha256:1c2cbd9d1a0a3969d6e1c6b0741279c843b4a36ef3804d324874d0a2f0e49816"},
    {file = "pygame-2.5.0-pp38-pypy38_pp73-manylinux_2_17_x86_64.manylinux2014_x86_64.whl", hash = "sha256:ef373b9865c740f18236f2324e17e7f2111e27c6a4a5b67c490c72a8a8b8de77"},
    {file = "pygame-2.5.0-pp39-pypy39_pp73-macosx_10_9_x86_64.whl", hash = "sha256:3959038a3e2034cee3f15471786a3bac35baeaa1f7503dc7402bb49d25b5ddbc"},
    {file = "pygame-2.5.0-pp39-pypy39_pp73-manylinux_2_17_i686.manylinux2014_i686.whl", hash = "sha256:583d9c8ad033ad51da8485427139d047afb649f49e42d4fa88477f73734ad4b0"},
    {file = "pygame-2.5.0-pp39-pypy39_pp73-manylinux_2_17_x86_64.manylinux2014_x86_64.whl", hash = "sha256:13b650e925d2e8c82c16bdeae6e7fc5d6ca4ac659a1412da4ecd923ef9d688cb"},
    {file = "pygame-2.5.0.tar.gz", hash = "sha256:edd5745b79435976d92c0a7318aedcafcb7ac4567125ac6ba88aa473559ef9ab"},
]

[[package]]
name = "pyside2"
version = "5.15.2.1"
description = "Python bindings for the Qt cross-platform application and UI framework"
optional = false
python-versions = ">=2.7, !=3.0.*, !=3.1.*, !=3.2.*, !=3.3.*, !=3.4.*, <3.11"
files = [
    {file = "PySide2-5.15.2.1-5.15.2-cp27-cp27m-macosx_10_13_intel.whl", hash = "sha256:b5e1d92f26b0bbaefff67727ccbb2e1b577f2c0164b349b3d6e80febb4c5bde2"},
    {file = "PySide2-5.15.2.1-5.15.2-cp27-cp27mu-manylinux1_x86_64.whl", hash = "sha256:235240b6ec8206d9fdf0232472c6ef3241783d480425e5b54796f06e39ed23da"},
    {file = "PySide2-5.15.2.1-5.15.2-cp35.cp36.cp37.cp38.cp39.cp310-abi3-macosx_10_13_intel.whl", hash = "sha256:a9e2e6bbcb5d2ebb421e46e72244a0f4fe0943b2288115f80a863aacc1de1f06"},
    {file = "PySide2-5.15.2.1-5.15.2-cp35.cp36.cp37.cp38.cp39.cp310-abi3-manylinux1_x86_64.whl", hash = "sha256:23886c6391ebd916e835fa1b5ae66938048504fd3a2934ae3189a96cd5ac0b46"},
    {file = "PySide2-5.15.2.1-5.15.2-cp35.cp36.cp37.cp38.cp39.cp310-none-win32.whl", hash = "sha256:439509e53cfe05abbf9a99422a2cbad086408b0f9bf5e6f642ff1b13b1f8b055"},
    {file = "PySide2-5.15.2.1-5.15.2-cp35.cp36.cp37.cp38.cp39.cp310-none-win_amd64.whl", hash = "sha256:af6b263fe63ba6dea7eaebae80aa7b291491fe66f4f0057c0aafe780cc83da9d"},
]

[package.dependencies]
shiboken2 = "5.15.2.1"

[[package]]
name = "pytest"
version = "6.2.5"
description = "pytest: simple powerful testing with Python"
optional = false
python-versions = ">=3.6"
files = [
    {file = "pytest-6.2.5-py3-none-any.whl", hash = "sha256:7310f8d27bc79ced999e760ca304d69f6ba6c6649c0b60fb0e04a4a77cacc134"},
    {file = "pytest-6.2.5.tar.gz", hash = "sha256:131b36680866a76e6781d13f101efb86cf674ebb9762eb70d3082b6f29889e89"},
]

[package.dependencies]
atomicwrites = {version = ">=1.0", markers = "sys_platform == \"win32\""}
attrs = ">=19.2.0"
colorama = {version = "*", markers = "sys_platform == \"win32\""}
iniconfig = "*"
packaging = "*"
pluggy = ">=0.12,<2.0"
py = ">=1.8.2"
toml = "*"

[package.extras]
testing = ["argcomplete", "hypothesis (>=3.56)", "mock", "nose", "requests", "xmlschema"]

[[package]]
name = "pyzbar"
version = "0.1.9"
description = "Read one-dimensional barcodes and QR codes from Python 2 and 3."
optional = false
python-versions = "*"
files = [
    {file = "pyzbar-0.1.9-py2.py3-none-any.whl", hash = "sha256:4559628b8192feb25766d954b36a3753baaf5c97c03135aec7e4a026036b475d"},
    {file = "pyzbar-0.1.9-py2.py3-none-win32.whl", hash = "sha256:8f4c5264c9c7c6b9f20d01efc52a4eba1ded47d9ba857a94130afe33703eb518"},
    {file = "pyzbar-0.1.9-py2.py3-none-win_amd64.whl", hash = "sha256:13e3ee5a2f3a545204a285f41814d5c0db571967e8d4af8699a03afc55182a9c"},
]

[package.extras]
scripts = ["Pillow (>=3.2.0)"]

[[package]]
name = "shiboken2"
version = "5.15.2.1"
description = "Python / C++ bindings helper module"
optional = false
python-versions = ">=2.7, !=3.0.*, !=3.1.*, !=3.2.*, !=3.3.*, !=3.4.*, <3.11"
files = [
    {file = "shiboken2-5.15.2.1-5.15.2-cp27-cp27m-macosx_10_13_intel.whl", hash = "sha256:f890f5611ab8f48b88cfecb716da2ac55aef99e2923198cefcf781842888ea65"},
    {file = "shiboken2-5.15.2.1-5.15.2-cp27-cp27mu-manylinux1_x86_64.whl", hash = "sha256:87079c07587859a525b9800d60b1be971338ce9b371d6ead81f15ee5a46d448b"},
    {file = "shiboken2-5.15.2.1-5.15.2-cp35.cp36.cp37.cp38.cp39.cp310-abi3-macosx_10_13_intel.whl", hash = "sha256:ffd3d0ec3d508e592d7ee3885d27fee1f279a49989f734eb130f46d9501273a9"},
    {file = "shiboken2-5.15.2.1-5.15.2-cp35.cp36.cp37.cp38.cp39.cp310-abi3-manylinux1_x86_64.whl", hash = "sha256:63debfcc531b6a2b4985aa9b71433d2ad3bac542acffc729cc0ecaa3854390c0"},
    {file = "shiboken2-5.15.2.1-5.15.2-cp35.cp36.cp37.cp38.cp39.cp310-none-win32.whl", hash = "sha256:eb0da44b6fa60c6bd317b8f219e500595e94e0322b33ec5b4e9f406bedaee555"},
    {file = "shiboken2-5.15.2.1-5.15.2-cp35.cp36.cp37.cp38.cp39.cp310-none-win_amd64.whl", hash = "sha256:a0d0fdeb12b72c8af349b9642ccc67afd783dca449309f45e78cda50272fd6b7"},
]

[[package]]
name = "toml"
version = "0.10.2"
description = "Python Library for Tom's Obvious, Minimal Language"
optional = false
python-versions = ">=2.6, !=3.0.*, !=3.1.*, !=3.2.*"
files = [
    {file = "toml-0.10.2-py2.py3-none-any.whl", hash = "sha256:806143ae5bfb6a3c6e736a764057db0e6a0e05e338b5630894a5f779cabb4f9b"},
    {file = "toml-0.10.2.tar.gz", hash = "sha256:b3bda1d108d5dd99f4a20d24d9c348e91c4db7ab1b749200bded2f839ccbe68f"},
]

[metadata]
lock-version = "2.0"
python-versions = ">=3.9,<3.11"
content-hash = "4390045e9309c84a9362709ef4d5c23d18b58c4be45220190773494b7094d1ae"
